
Microsoft Visual Studio Solution File, Format Version 12.00
# Visual Studio Version 17
VisualStudioVersion = 17.14.36203.30
MinimumVisualStudioVersion = 10.0.40219.1
Project("{FAE04EC0-301F-11D3-BF4B-00C04F79EFBC}") = "BadLoan", "BadLoan\BadLoan.csproj", "{6466956D-28A8-48FC-B51A-32EBE29DA213}"
EndProject
Global
	GlobalSection(SolutionConfigurationPlatforms) = preSolution
		Debug|Any CPU = Debug|Any CPU
		Release|Any CPU = Release|Any CPU
	EndGlobalSection
	GlobalSection(ProjectConfigurationPlatforms) = postSolution
		{6466956D-28A8-48FC-B51A-32EBE29DA213}.Debug|Any CPU.ActiveCfg = Debug|Any CPU
		{6466956D-28A8-48FC-B51A-32EBE29DA213}.Debug|Any CPU.Build.0 = Debug|Any CPU
		{6466956D-28A8-48FC-B51A-32EBE29DA213}.Release|Any CPU.ActiveCfg = Release|Any CPU
		{6466956D-28A8-48FC-B51A-32EBE29DA213}.Release|Any CPU.Build.0 = Release|Any CPU
	EndGlobalSection
	GlobalSection(SolutionProperties) = preSolution
		HideSolutionNode = FALSE
	EndGlobalSection
	GlobalSection(ExtensibilityGlobals) = postSolution
		SolutionGuid = {D621771E-492B-4839-879B-BFC11652980A}
	EndGlobalSection
EndGlobal
